
Microsoft Visual Studio Solution File, Format Version 12.00
# Visual Studio 14
VisualStudioVersion = 14.0.24720.0
MinimumVisualStudioVersion = 10.0.40219.1
Project("{FAE04EC0-301F-11D3-BF4B-00C04F79EFBC}") = "PastaLib", "PastaLib\PastaLib.csproj", "{652F9C10-E2E1-4646-A13C-4A8216EAB6D3}"
EndProject
Project("{FAE04EC0-301F-11D3-BF4B-00C04F79EFBC}") = "Pasta", "PastaWpf\Pasta.csproj", "{E410745E-1937-45E5-B2BB-4B96CAE89425}"
EndProject
Global
	GlobalSection(SolutionConfigurationPlatforms) = preSolution
		Debug|Any CPU = Debug|Any CPU
		Release|Any CPU = Release|Any CPU
	EndGlobalSection
	GlobalSection(ProjectConfigurationPlatforms) = postSolution
		{652F9C10-E2E1-4646-A13C-4A8216EAB6D3}.Debug|Any CPU.ActiveCfg = Debug|Any CPU
		{652F9C10-E2E1-4646-A13C-4A8216EAB6D3}.Debug|Any CPU.Build.0 = Debug|Any CPU
		{652F9C10-E2E1-4646-A13C-4A8216EAB6D3}.Release|Any CPU.ActiveCfg = Release|Any CPU
		{652F9C10-E2E1-4646-A13C-4A8216EAB6D3}.Release|Any CPU.Build.0 = Release|Any CPU
		{E410745E-1937-45E5-B2BB-4B96CAE89425}.Debug|Any CPU.ActiveCfg = Debug|Any CPU
		{E410745E-1937-45E5-B2BB-4B96CAE89425}.Debug|Any CPU.Build.0 = Debug|Any CPU
		{E410745E-1937-45E5-B2BB-4B96CAE89425}.Release|Any CPU.ActiveCfg = Release|Any CPU
		{E410745E-1937-45E5-B2BB-4B96CAE89425}.Release|Any CPU.Build.0 = Release|Any CPU
	EndGlobalSection
	GlobalSection(SolutionProperties) = preSolution
		HideSolutionNode = FALSE
	EndGlobalSection
EndGlobal
